
Microsoft Visual Studio Solution File, Format Version 10.00
# Visual Studio 2008
Project("{E24C65DC-7377-472B-9ABA-BC803B73C61A}") = "HRM", ".", "{45F53471-F84D-4EAD-B9CF-6751A6A24B9D}"
	ProjectSection(WebsiteProperties) = preProject
		TargetFramework = "2.0"
		Debug.AspNetCompiler.VirtualPath = "/HRM"
		Debug.AspNetCompiler.PhysicalPath = "..\HRM\"
		Debug.AspNetCompiler.TargetPath = "PrecompiledWeb\HRM\"
		Debug.AspNetCompiler.Updateable = "true"
		Debug.AspNetCompiler.ForceOverwrite = "true"
		Debug.AspNetCompiler.FixedNames = "false"
		Debug.AspNetCompiler.Debug = "True"
		Release.AspNetCompiler.VirtualPath = "/HRM"
		Release.AspNetCompiler.PhysicalPath = "..\HRM\"
		Release.AspNetCompiler.TargetPath = "PrecompiledWeb\HRM\"
		Release.AspNetCompiler.Updateable = "true"
		Release.AspNetCompiler.ForceOverwrite = "true"
		Release.AspNetCompiler.FixedNames = "false"
		Release.AspNetCompiler.Debug = "False"
		VWDPort = "32232"
	EndProjectSection
EndProject
Global
	GlobalSection(SolutionConfigurationPlatforms) = preSolution
		Debug|Any CPU = Debug|Any CPU
	EndGlobalSection
	GlobalSection(ProjectConfigurationPlatforms) = postSolution
		{45F53471-F84D-4EAD-B9CF-6751A6A24B9D}.Debug|Any CPU.ActiveCfg = Debug|Any CPU
		{45F53471-F84D-4EAD-B9CF-6751A6A24B9D}.Debug|Any CPU.Build.0 = Debug|Any CPU
	EndGlobalSection
	GlobalSection(SolutionProperties) = preSolution
		HideSolutionNode = FALSE
	EndGlobalSection
EndGlobal
